{
  "version": 4,
  "terraform_version": "0.14.8",
  "serial": 36,
  "lineage": "3c2a0280-2c78-98da-746a-3e033b4bb10f",
  "outputs": {
    "app_external_ip": {
      "value": "104.155.67.59",
      "type": "string"
    }
  },
  "resources": [
    {
      "mode": "managed",
      "type": "google_compute_firewall",
      "name": "firewall_puma",
      "provider": "provider[\"registry.terraform.io/hashicorp/google\"]",
      "instances": [
        {
          "schema_version": 1,
          "attributes": {
            "allow": [
              {
                "ports": [
                  "9292"
                ],
                "protocol": "tcp"
              }
            ],
            "creation_timestamp": "2021-03-15T02:55:32.581-07:00",
            "deny": [],
            "description": "",
            "destination_ranges": [],
            "direction": "INGRESS",
            "disabled": false,
            "enable_logging": null,
            "id": "projects/infra-301318/global/firewalls/allow-puma-default",
            "log_config": [],
            "name": "allow-puma-default",
            "network": "https://www.googleapis.com/compute/v1/projects/infra-301318/global/networks/default",
            "priority": 1000,
            "project": "infra-301318",
            "self_link": "https://www.googleapis.com/compute/v1/projects/infra-301318/global/firewalls/allow-puma-default",
            "source_ranges": [
              "0.0.0.0/0"
            ],
            "source_service_accounts": null,
            "source_tags": null,
            "target_service_accounts": null,
            "target_tags": [
              "reddit-app"
            ],
            "timeouts": null
          },
          "sensitive_attributes": [],
          "private": "eyJlMmJmYjczMC1lY2FhLTExZTYtOGY4OC0zNDM2M2JjN2M0YzAiOnsiY3JlYXRlIjoyNDAwMDAwMDAwMDAsImRlbGV0ZSI6MjQwMDAwMDAwMDAwLCJ1cGRhdGUiOjI0MDAwMDAwMDAwMH0sInNjaGVtYV92ZXJzaW9uIjoiMSJ9"
        }
      ]
    },
    {
      "mode": "managed",
      "type": "google_compute_instance",
      "name": "app",
      "provider": "provider[\"registry.terraform.io/hashicorp/google\"]",
      "instances": [
        {
          "schema_version": 6,
          "attributes": {
            "allow_stopping_for_update": null,
            "attached_disk": [],
            "boot_disk": [
              {
                "auto_delete": true,
                "device_name": "persistent-disk-0",
                "disk_encryption_key_raw": "",
                "disk_encryption_key_sha256": "",
                "initialize_params": [
                  {
                    "image": "https://www.googleapis.com/compute/v1/projects/infra-301318/global/images/reddit-base-img-1615667851",
                    "labels": {},
                    "size": 20,
                    "type": "pd-standard"
                  }
                ],
                "kms_key_self_link": "",
                "mode": "READ_WRITE",
                "source": "https://www.googleapis.com/compute/v1/projects/infra-301318/zones/europe-west1-b/disks/reddit-app-0"
              }
            ],
            "can_ip_forward": false,
            "confidential_instance_config": [],
            "cpu_platform": "Intel Haswell",
            "current_status": "RUNNING",
            "deletion_protection": false,
            "description": "",
            "desired_status": null,
            "enable_display": false,
            "guest_accelerator": [],
            "hostname": "",
            "id": "projects/infra-301318/zones/europe-west1-b/instances/reddit-app-0",
            "instance_id": "1797576569722671609",
            "label_fingerprint": "42WmSpB8rSM=",
            "labels": null,
            "machine_type": "g1-small",
            "metadata": {
              "sshKeys": "appuser:ssh-rsa AAAAB3NzaC1yc2EAAAADAQABAAABgQDCojdf3qDp9kemxdwtEuxiDBxUGXCdYdG58qb4O2Bfp16+QxOPNzJOrHzfruEkdXQludgGT5EuPWIV1Dv1YtbEQaRNe9xNiFCsi/7XwNypAFX1dL+nln+RdGE/ExyXyq2bGb31E3RVQXa7Lie/lCWdXnKigrTo64wmjn1RIzz2Wc+cfUST431X8wign1jpRlueCb3Elde+0oTC6whpfJYX94DsaQkmuDTsrLi3+IWejhtzHno8F06+/4uXWv/AFCdnL0SrPm8PIS/UlGlS8Z/6ZzCkwlLgoZEr9oBlguvPYCijU8bHUF5CTFHArpBX6/+/e4n7XWWf8/WAGo0Y0T+jwPt+B5QmPjQMNo71DWAgs6xvB6f+lMuc9TqHPgQATMma0Oo1XsDdODvda+7QpG907Uh6/WwRbLQgl2c8MsDnpUTaoUq/rk6Cr5hxWveoZZPTTs4ql90aP1K8AEaNoRmu6ZmOT5Ydoa+qPl/putkpp9aRLg1VDMytoxfvimmPy3s= appuser\n"
            },
            "metadata_fingerprint": "da9NkYCm7EE=",
            "metadata_startup_script": "",
            "min_cpu_platform": "",
            "name": "reddit-app-0",
            "network_interface": [
              {
                "access_config": [
                  {
                    "nat_ip": "104.155.67.59",
                    "network_tier": "PREMIUM",
                    "public_ptr_domain_name": ""
                  }
                ],
                "alias_ip_range": [],
                "name": "nic0",
                "network": "https://www.googleapis.com/compute/v1/projects/infra-301318/global/networks/default",
                "network_ip": "10.132.0.17",
                "subnetwork": "https://www.googleapis.com/compute/v1/projects/infra-301318/regions/europe-west1/subnetworks/default",
                "subnetwork_project": "infra-301318"
              }
            ],
            "project": "infra-301318",
            "resource_policies": null,
            "scheduling": [
              {
                "automatic_restart": true,
                "node_affinities": [],
                "on_host_maintenance": "MIGRATE",
                "preemptible": false
              }
            ],
            "scratch_disk": [],
            "self_link": "https://www.googleapis.com/compute/v1/projects/infra-301318/zones/europe-west1-b/instances/reddit-app-0",
            "service_account": [],
            "shielded_instance_config": [
              {
                "enable_integrity_monitoring": true,
                "enable_secure_boot": false,
                "enable_vtpm": true
              }
            ],
            "tags": [
              "reddit-app"
            ],
            "tags_fingerprint": "M-ggixIz-AU=",
            "timeouts": null,
            "zone": "europe-west1-b"
          },
          "sensitive_attributes": [],
          "private": "eyJlMmJmYjczMC1lY2FhLTExZTYtOGY4OC0zNDM2M2JjN2M0YzAiOnsiY3JlYXRlIjoxMjAwMDAwMDAwMDAwLCJkZWxldGUiOjEyMDAwMDAwMDAwMDAsInVwZGF0ZSI6MTIwMDAwMDAwMDAwMH0sInNjaGVtYV92ZXJzaW9uIjoiNiJ9"
        }
      ]
    }
  ]
}
